
Microsoft Visual Studio Solution File, Format Version 12.00
# Visual Studio Version 16
VisualStudioVersion = 16.0.29519.87
MinimumVisualStudioVersion = 10.0.40219.1
Project("{8BC9CEB8-8B4A-11D0-8D11-00A0C91BC942}") = "冒泡排序", "AlgorithmTest\AlgorithmTest.vcxproj", "{0B0AB69C-9C92-4CAE-8890-8F68FD20EEBA}"
EndProject
Project("{8BC9CEB8-8B4A-11D0-8D11-00A0C91BC942}") = "选择排序", "选择排序\选择排序.vcxproj", "{FD593B11-C6F8-44AB-877D-DC64A5AF4393}"
EndProject
Project("{8BC9CEB8-8B4A-11D0-8D11-00A0C91BC942}") = "插入排序", "插入排序\插入排序.vcxproj", "{703817BF-B0BA-43FC-9D97-D81E272A7B80}"
EndProject
Project("{8BC9CEB8-8B4A-11D0-8D11-00A0C91BC942}") = "希尔排序", "希尔排序\希尔排序.vcxproj", "{8E695F49-D01B-4A77-B773-2402E314B378}"
EndProject
Project("{8BC9CEB8-8B4A-11D0-8D11-00A0C91BC942}") = "快速排序", "快速排序\快速排序.vcxproj", "{33C1F4B4-EC67-4C57-BF8A-A99463851CDA}"
EndProject
Project("{8BC9CEB8-8B4A-11D0-8D11-00A0C91BC942}") = "归并排序", "归并排序\归并排序.vcxproj", "{CCA3EA03-0369-4187-8AEF-13AD6CB8ED58}"
EndProject
Project("{8BC9CEB8-8B4A-11D0-8D11-00A0C91BC942}") = "堆排序", "堆排序\堆排序.vcxproj", "{5CCB60D5-2CD4-4F2E-9F2E-92D98699A1EE}"
EndProject
Project("{8BC9CEB8-8B4A-11D0-8D11-00A0C91BC942}") = "计数排序", "计数排序\计数排序.vcxproj", "{977392D0-E8C3-49BA-A976-D5BC1DF73360}"
EndProject
Project("{8BC9CEB8-8B4A-11D0-8D11-00A0C91BC942}") = "桶排序", "桶排序\桶排序.vcxproj", "{7FED6F2B-161C-41FD-B575-200F10F33850}"
EndProject
Project("{8BC9CEB8-8B4A-11D0-8D11-00A0C91BC942}") = "基数排序", "基数排序\基数排序.vcxproj", "{878892D8-458D-4111-8918-933D903E3F60}"
EndProject
Project("{8BC9CEB8-8B4A-11D0-8D11-00A0C91BC942}") = "顺序查找", "顺序查找\顺序查找.vcxproj", "{B174308E-EF84-41A8-BA1F-543D0CE0206A}"
EndProject
Project("{8BC9CEB8-8B4A-11D0-8D11-00A0C91BC942}") = "二分查找", "二分查找\二分查找.vcxproj", "{9BFD8850-4251-4428-8AB9-526147108B15}"
EndProject
Project("{8BC9CEB8-8B4A-11D0-8D11-00A0C91BC942}") = "插值查找", "插值查找\插值查找.vcxproj", "{6BD41AAC-090B-42AB-B397-3A1FAF4F8402}"
EndProject
Project("{8BC9CEB8-8B4A-11D0-8D11-00A0C91BC942}") = "二叉查找树", "二叉查找树\二叉查找树.vcxproj", "{59CF8269-17D4-4DB2-ADF5-A7D34F52A772}"
EndProject
Global
	GlobalSection(SolutionConfigurationPlatforms) = preSolution
		Debug|x64 = Debug|x64
		Debug|x86 = Debug|x86
		Release|x64 = Release|x64
		Release|x86 = Release|x86
	EndGlobalSection
	GlobalSection(ProjectConfigurationPlatforms) = postSolution
		{0B0AB69C-9C92-4CAE-8890-8F68FD20EEBA}.Debug|x64.ActiveCfg = Debug|x64
		{0B0AB69C-9C92-4CAE-8890-8F68FD20EEBA}.Debug|x64.Build.0 = Debug|x64
		{0B0AB69C-9C92-4CAE-8890-8F68FD20EEBA}.Debug|x86.ActiveCfg = Debug|Win32
		{0B0AB69C-9C92-4CAE-8890-8F68FD20EEBA}.Debug|x86.Build.0 = Debug|Win32
		{0B0AB69C-9C92-4CAE-8890-8F68FD20EEBA}.Release|x64.ActiveCfg = Release|x64
		{0B0AB69C-9C92-4CAE-8890-8F68FD20EEBA}.Release|x64.Build.0 = Release|x64
		{0B0AB69C-9C92-4CAE-8890-8F68FD20EEBA}.Release|x86.ActiveCfg = Release|Win32
		{0B0AB69C-9C92-4CAE-8890-8F68FD20EEBA}.Release|x86.Build.0 = Release|Win32
		{FD593B11-C6F8-44AB-877D-DC64A5AF4393}.Debug|x64.ActiveCfg = Debug|x64
		{FD593B11-C6F8-44AB-877D-DC64A5AF4393}.Debug|x64.Build.0 = Debug|x64
		{FD593B11-C6F8-44AB-877D-DC64A5AF4393}.Debug|x86.ActiveCfg = Debug|Win32
		{FD593B11-C6F8-44AB-877D-DC64A5AF4393}.Debug|x86.Build.0 = Debug|Win32
		{FD593B11-C6F8-44AB-877D-DC64A5AF4393}.Release|x64.ActiveCfg = Release|x64
		{FD593B11-C6F8-44AB-877D-DC64A5AF4393}.Release|x64.Build.0 = Release|x64
		{FD593B11-C6F8-44AB-877D-DC64A5AF4393}.Release|x86.ActiveCfg = Release|Win32
		{FD593B11-C6F8-44AB-877D-DC64A5AF4393}.Release|x86.Build.0 = Release|Win32
		{703817BF-B0BA-43FC-9D97-D81E272A7B80}.Debug|x64.ActiveCfg = Debug|x64
		{703817BF-B0BA-43FC-9D97-D81E272A7B80}.Debug|x64.Build.0 = Debug|x64
		{703817BF-B0BA-43FC-9D97-D81E272A7B80}.Debug|x86.ActiveCfg = Debug|Win32
		{703817BF-B0BA-43FC-9D97-D81E272A7B80}.Debug|x86.Build.0 = Debug|Win32
		{703817BF-B0BA-43FC-9D97-D81E272A7B80}.Release|x64.ActiveCfg = Release|x64
		{703817BF-B0BA-43FC-9D97-D81E272A7B80}.Release|x64.Build.0 = Release|x64
		{703817BF-B0BA-43FC-9D97-D81E272A7B80}.Release|x86.ActiveCfg = Release|Win32
		{703817BF-B0BA-43FC-9D97-D81E272A7B80}.Release|x86.Build.0 = Release|Win32
		{8E695F49-D01B-4A77-B773-2402E314B378}.Debug|x64.ActiveCfg = Debug|x64
		{8E695F49-D01B-4A77-B773-2402E314B378}.Debug|x64.Build.0 = Debug|x64
		{8E695F49-D01B-4A77-B773-2402E314B378}.Debug|x86.ActiveCfg = Debug|Win32
		{8E695F49-D01B-4A77-B773-2402E314B378}.Debug|x86.Build.0 = Debug|Win32
		{8E695F49-D01B-4A77-B773-2402E314B378}.Release|x64.ActiveCfg = Release|x64
		{8E695F49-D01B-4A77-B773-2402E314B378}.Release|x64.Build.0 = Release|x64
		{8E695F49-D01B-4A77-B773-2402E314B378}.Release|x86.ActiveCfg = Release|Win32
		{8E695F49-D01B-4A77-B773-2402E314B378}.Release|x86.Build.0 = Release|Win32
		{33C1F4B4-EC67-4C57-BF8A-A99463851CDA}.Debug|x64.ActiveCfg = Debug|x64
		{33C1F4B4-EC67-4C57-BF8A-A99463851CDA}.Debug|x64.Build.0 = Debug|x64
		{33C1F4B4-EC67-4C57-BF8A-A99463851CDA}.Debug|x86.ActiveCfg = Debug|Win32
		{33C1F4B4-EC67-4C57-BF8A-A99463851CDA}.Debug|x86.Build.0 = Debug|Win32
		{33C1F4B4-EC67-4C57-BF8A-A99463851CDA}.Release|x64.ActiveCfg = Release|x64
		{33C1F4B4-EC67-4C57-BF8A-A99463851CDA}.Release|x64.Build.0 = Release|x64
		{33C1F4B4-EC67-4C57-BF8A-A99463851CDA}.Release|x86.ActiveCfg = Release|Win32
		{33C1F4B4-EC67-4C57-BF8A-A99463851CDA}.Release|x86.Build.0 = Release|Win32
		{CCA3EA03-0369-4187-8AEF-13AD6CB8ED58}.Debug|x64.ActiveCfg = Debug|x64
		{CCA3EA03-0369-4187-8AEF-13AD6CB8ED58}.Debug|x64.Build.0 = Debug|x64
		{CCA3EA03-0369-4187-8AEF-13AD6CB8ED58}.Debug|x86.ActiveCfg = Debug|Win32
		{CCA3EA03-0369-4187-8AEF-13AD6CB8ED58}.Debug|x86.Build.0 = Debug|Win32
		{CCA3EA03-0369-4187-8AEF-13AD6CB8ED58}.Release|x64.ActiveCfg = Release|x64
		{CCA3EA03-0369-4187-8AEF-13AD6CB8ED58}.Release|x64.Build.0 = Release|x64
		{CCA3EA03-0369-4187-8AEF-13AD6CB8ED58}.Release|x86.ActiveCfg = Release|Win32
		{CCA3EA03-0369-4187-8AEF-13AD6CB8ED58}.Release|x86.Build.0 = Release|Win32
		{5CCB60D5-2CD4-4F2E-9F2E-92D98699A1EE}.Debug|x64.ActiveCfg = Debug|x64
		{5CCB60D5-2CD4-4F2E-9F2E-92D98699A1EE}.Debug|x64.Build.0 = Debug|x64
		{5CCB60D5-2CD4-4F2E-9F2E-92D98699A1EE}.Debug|x86.ActiveCfg = Debug|Win32
		{5CCB60D5-2CD4-4F2E-9F2E-92D98699A1EE}.Debug|x86.Build.0 = Debug|Win32
		{5CCB60D5-2CD4-4F2E-9F2E-92D98699A1EE}.Release|x64.ActiveCfg = Release|x64
		{5CCB60D5-2CD4-4F2E-9F2E-92D98699A1EE}.Release|x64.Build.0 = Release|x64
		{5CCB60D5-2CD4-4F2E-9F2E-92D98699A1EE}.Release|x86.ActiveCfg = Release|Win32
		{5CCB60D5-2CD4-4F2E-9F2E-92D98699A1EE}.Release|x86.Build.0 = Release|Win32
		{977392D0-E8C3-49BA-A976-D5BC1DF73360}.Debug|x64.ActiveCfg = Debug|x64
		{977392D0-E8C3-49BA-A976-D5BC1DF73360}.Debug|x64.Build.0 = Debug|x64
		{977392D0-E8C3-49BA-A976-D5BC1DF73360}.Debug|x86.ActiveCfg = Debug|Win32
		{977392D0-E8C3-49BA-A976-D5BC1DF73360}.Debug|x86.Build.0 = Debug|Win32
		{977392D0-E8C3-49BA-A976-D5BC1DF73360}.Release|x64.ActiveCfg = Release|x64
		{977392D0-E8C3-49BA-A976-D5BC1DF73360}.Release|x64.Build.0 = Release|x64
		{977392D0-E8C3-49BA-A976-D5BC1DF73360}.Release|x86.ActiveCfg = Release|Win32
		{977392D0-E8C3-49BA-A976-D5BC1DF73360}.Release|x86.Build.0 = Release|Win32
		{7FED6F2B-161C-41FD-B575-200F10F33850}.Debug|x64.ActiveCfg = Debug|x64
		{7FED6F2B-161C-41FD-B575-200F10F33850}.Debug|x64.Build.0 = Debug|x64
		{7FED6F2B-161C-41FD-B575-200F10F33850}.Debug|x86.ActiveCfg = Debug|Win32
		{7FED6F2B-161C-41FD-B575-200F10F33850}.Debug|x86.Build.0 = Debug|Win32
		{7FED6F2B-161C-41FD-B575-200F10F33850}.Release|x64.ActiveCfg = Release|x64
		{7FED6F2B-161C-41FD-B575-200F10F33850}.Release|x64.Build.0 = Release|x64
		{7FED6F2B-161C-41FD-B575-200F10F33850}.Release|x86.ActiveCfg = Release|Win32
		{7FED6F2B-161C-41FD-B575-200F10F33850}.Release|x86.Build.0 = Release|Win32
		{878892D8-458D-4111-8918-933D903E3F60}.Debug|x64.ActiveCfg = Debug|x64
		{878892D8-458D-4111-8918-933D903E3F60}.Debug|x64.Build.0 = Debug|x64
		{878892D8-458D-4111-8918-933D903E3F60}.Debug|x86.ActiveCfg = Debug|Win32
		{878892D8-458D-4111-8918-933D903E3F60}.Debug|x86.Build.0 = Debug|Win32
		{878892D8-458D-4111-8918-933D903E3F60}.Release|x64.ActiveCfg = Release|x64
		{878892D8-458D-4111-8918-933D903E3F60}.Release|x64.Build.0 = Release|x64
		{878892D8-458D-4111-8918-933D903E3F60}.Release|x86.ActiveCfg = Release|Win32
		{878892D8-458D-4111-8918-933D903E3F60}.Release|x86.Build.0 = Release|Win32
		{B174308E-EF84-41A8-BA1F-543D0CE0206A}.Debug|x64.ActiveCfg = Debug|x64
		{B174308E-EF84-41A8-BA1F-543D0CE0206A}.Debug|x64.Build.0 = Debug|x64
		{B174308E-EF84-41A8-BA1F-543D0CE0206A}.Debug|x86.ActiveCfg = Debug|Win32
		{B174308E-EF84-41A8-BA1F-543D0CE0206A}.Debug|x86.Build.0 = Debug|Win32
		{B174308E-EF84-41A8-BA1F-543D0CE0206A}.Release|x64.ActiveCfg = Release|x64
		{B174308E-EF84-41A8-BA1F-543D0CE0206A}.Release|x64.Build.0 = Release|x64
		{B174308E-EF84-41A8-BA1F-543D0CE0206A}.Release|x86.ActiveCfg = Release|Win32
		{B174308E-EF84-41A8-BA1F-543D0CE0206A}.Release|x86.Build.0 = Release|Win32
		{9BFD8850-4251-4428-8AB9-526147108B15}.Debug|x64.ActiveCfg = Debug|x64
		{9BFD8850-4251-4428-8AB9-526147108B15}.Debug|x64.Build.0 = Debug|x64
		{9BFD8850-4251-4428-8AB9-526147108B15}.Debug|x86.ActiveCfg = Debug|Win32
		{9BFD8850-4251-4428-8AB9-526147108B15}.Debug|x86.Build.0 = Debug|Win32
		{9BFD8850-4251-4428-8AB9-526147108B15}.Release|x64.ActiveCfg = Release|x64
		{9BFD8850-4251-4428-8AB9-526147108B15}.Release|x64.Build.0 = Release|x64
		{9BFD8850-4251-4428-8AB9-526147108B15}.Release|x86.ActiveCfg = Release|Win32
		{9BFD8850-4251-4428-8AB9-526147108B15}.Release|x86.Build.0 = Release|Win32
		{6BD41AAC-090B-42AB-B397-3A1FAF4F8402}.Debug|x64.ActiveCfg = Debug|x64
		{6BD41AAC-090B-42AB-B397-3A1FAF4F8402}.Debug|x64.Build.0 = Debug|x64
		{6BD41AAC-090B-42AB-B397-3A1FAF4F8402}.Debug|x86.ActiveCfg = Debug|Win32
		{6BD41AAC-090B-42AB-B397-3A1FAF4F8402}.Debug|x86.Build.0 = Debug|Win32
		{6BD41AAC-090B-42AB-B397-3A1FAF4F8402}.Release|x64.ActiveCfg = Release|x64
		{6BD41AAC-090B-42AB-B397-3A1FAF4F8402}.Release|x64.Build.0 = Release|x64
		{6BD41AAC-090B-42AB-B397-3A1FAF4F8402}.Release|x86.ActiveCfg = Release|Win32
		{6BD41AAC-090B-42AB-B397-3A1FAF4F8402}.Release|x86.Build.0 = Release|Win32
		{59CF8269-17D4-4DB2-ADF5-A7D34F52A772}.Debug|x64.ActiveCfg = Debug|x64
		{59CF8269-17D4-4DB2-ADF5-A7D34F52A772}.Debug|x64.Build.0 = Debug|x64
		{59CF8269-17D4-4DB2-ADF5-A7D34F52A772}.Debug|x86.ActiveCfg = Debug|Win32
		{59CF8269-17D4-4DB2-ADF5-A7D34F52A772}.Debug|x86.Build.0 = Debug|Win32
		{59CF8269-17D4-4DB2-ADF5-A7D34F52A772}.Release|x64.ActiveCfg = Release|x64
		{59CF8269-17D4-4DB2-ADF5-A7D34F52A772}.Release|x64.Build.0 = Release|x64
		{59CF8269-17D4-4DB2-ADF5-A7D34F52A772}.Release|x86.ActiveCfg = Release|Win32
		{59CF8269-17D4-4DB2-ADF5-A7D34F52A772}.Release|x86.Build.0 = Release|Win32
	EndGlobalSection
	GlobalSection(SolutionProperties) = preSolution
		HideSolutionNode = FALSE
	EndGlobalSection
	GlobalSection(ExtensibilityGlobals) = postSolution
		SolutionGuid = {CC5ACC0C-EAB8-4AB1-B2A7-CE0F5EAD2A06}
	EndGlobalSection
EndGlobal
