
Microsoft Visual Studio Solution File, Format Version 12.00
# Visual Studio Version 16
VisualStudioVersion = 16.0.29519.87
MinimumVisualStudioVersion = 10.0.40219.1
Project("{8BC9CEB8-8B4A-11D0-8D11-00A0C91BC942}") = "冒泡排序", "AlgorithmTest\AlgorithmTest.vcxproj", "{0B0AB69C-9C92-4CAE-8890-8F68FD20EEBA}"
EndProject
Project("{8BC9CEB8-8B4A-11D0-8D11-00A0C91BC942}") = "选择排序", "选择排序\选择排序.vcxproj", "{FD593B11-C6F8-44AB-877D-DC64A5AF4393}"
EndProject
Project("{8BC9CEB8-8B4A-11D0-8D11-00A0C91BC942}") = "插入排序", "插入排序\插入排序.vcxproj", "{703817BF-B0BA-43FC-9D97-D81E272A7B80}"
EndProject
Project("{8BC9CEB8-8B4A-11D0-8D11-00A0C91BC942}") = "希尔排序", "希尔排序\希尔排序.vcxproj", "{8E695F49-D01B-4A77-B773-2402E314B378}"
EndProject
Project("{8BC9CEB8-8B4A-11D0-8D11-00A0C91BC942}") = "快速排序", "快速排序\快速排序.vcxproj", "{33C1F4B4-EC67-4C57-BF8A-A99463851CDA}"
EndProject
Global
	GlobalSection(SolutionConfigurationPlatforms) = preSolution
		Debug|x64 = Debug|x64
		Debug|x86 = Debug|x86
		Release|x64 = Release|x64
		Release|x86 = Release|x86
	EndGlobalSection
	GlobalSection(ProjectConfigurationPlatforms) = postSolution
		{0B0AB69C-9C92-4CAE-8890-8F68FD20EEBA}.Debug|x64.ActiveCfg = Debug|x64
		{0B0AB69C-9C92-4CAE-8890-8F68FD20EEBA}.Debug|x64.Build.0 = Debug|x64
		{0B0AB69C-9C92-4CAE-8890-8F68FD20EEBA}.Debug|x86.ActiveCfg = Debug|Win32
		{0B0AB69C-9C92-4CAE-8890-8F68FD20EEBA}.Debug|x86.Build.0 = Debug|Win32
		{0B0AB69C-9C92-4CAE-8890-8F68FD20EEBA}.Release|x64.ActiveCfg = Release|x64
		{0B0AB69C-9C92-4CAE-8890-8F68FD20EEBA}.Release|x64.Build.0 = Release|x64
		{0B0AB69C-9C92-4CAE-8890-8F68FD20EEBA}.Release|x86.ActiveCfg = Release|Win32
		{0B0AB69C-9C92-4CAE-8890-8F68FD20EEBA}.Release|x86.Build.0 = Release|Win32
		{FD593B11-C6F8-44AB-877D-DC64A5AF4393}.Debug|x64.ActiveCfg = Debug|x64
		{FD593B11-C6F8-44AB-877D-DC64A5AF4393}.Debug|x64.Build.0 = Debug|x64
		{FD593B11-C6F8-44AB-877D-DC64A5AF4393}.Debug|x86.ActiveCfg = Debug|Win32
		{FD593B11-C6F8-44AB-877D-DC64A5AF4393}.Debug|x86.Build.0 = Debug|Win32
		{FD593B11-C6F8-44AB-877D-DC64A5AF4393}.Release|x64.ActiveCfg = Release|x64
		{FD593B11-C6F8-44AB-877D-DC64A5AF4393}.Release|x64.Build.0 = Release|x64
		{FD593B11-C6F8-44AB-877D-DC64A5AF4393}.Release|x86.ActiveCfg = Release|Win32
		{FD593B11-C6F8-44AB-877D-DC64A5AF4393}.Release|x86.Build.0 = Release|Win32
		{703817BF-B0BA-43FC-9D97-D81E272A7B80}.Debug|x64.ActiveCfg = Debug|x64
		{703817BF-B0BA-43FC-9D97-D81E272A7B80}.Debug|x64.Build.0 = Debug|x64
		{703817BF-B0BA-43FC-9D97-D81E272A7B80}.Debug|x86.ActiveCfg = Debug|Win32
		{703817BF-B0BA-43FC-9D97-D81E272A7B80}.Debug|x86.Build.0 = Debug|Win32
		{703817BF-B0BA-43FC-9D97-D81E272A7B80}.Release|x64.ActiveCfg = Release|x64
		{703817BF-B0BA-43FC-9D97-D81E272A7B80}.Release|x64.Build.0 = Release|x64
		{703817BF-B0BA-43FC-9D97-D81E272A7B80}.Release|x86.ActiveCfg = Release|Win32
		{703817BF-B0BA-43FC-9D97-D81E272A7B80}.Release|x86.Build.0 = Release|Win32
		{8E695F49-D01B-4A77-B773-2402E314B378}.Debug|x64.ActiveCfg = Debug|x64
		{8E695F49-D01B-4A77-B773-2402E314B378}.Debug|x64.Build.0 = Debug|x64
		{8E695F49-D01B-4A77-B773-2402E314B378}.Debug|x86.ActiveCfg = Debug|Win32
		{8E695F49-D01B-4A77-B773-2402E314B378}.Debug|x86.Build.0 = Debug|Win32
		{8E695F49-D01B-4A77-B773-2402E314B378}.Release|x64.ActiveCfg = Release|x64
		{8E695F49-D01B-4A77-B773-2402E314B378}.Release|x64.Build.0 = Release|x64
		{8E695F49-D01B-4A77-B773-2402E314B378}.Release|x86.ActiveCfg = Release|Win32
		{8E695F49-D01B-4A77-B773-2402E314B378}.Release|x86.Build.0 = Release|Win32
		{33C1F4B4-EC67-4C57-BF8A-A99463851CDA}.Debug|x64.ActiveCfg = Debug|x64
		{33C1F4B4-EC67-4C57-BF8A-A99463851CDA}.Debug|x64.Build.0 = Debug|x64
		{33C1F4B4-EC67-4C57-BF8A-A99463851CDA}.Debug|x86.ActiveCfg = Debug|Win32
		{33C1F4B4-EC67-4C57-BF8A-A99463851CDA}.Debug|x86.Build.0 = Debug|Win32
		{33C1F4B4-EC67-4C57-BF8A-A99463851CDA}.Release|x64.ActiveCfg = Release|x64
		{33C1F4B4-EC67-4C57-BF8A-A99463851CDA}.Release|x64.Build.0 = Release|x64
		{33C1F4B4-EC67-4C57-BF8A-A99463851CDA}.Release|x86.ActiveCfg = Release|Win32
		{33C1F4B4-EC67-4C57-BF8A-A99463851CDA}.Release|x86.Build.0 = Release|Win32
	EndGlobalSection
	GlobalSection(SolutionProperties) = preSolution
		HideSolutionNode = FALSE
	EndGlobalSection
	GlobalSection(ExtensibilityGlobals) = postSolution
		SolutionGuid = {CC5ACC0C-EAB8-4AB1-B2A7-CE0F5EAD2A06}
	EndGlobalSection
EndGlobal
